{
  "requires": true,
  "lockfileVersion": 1,
  "dependencies": {
    "async": {
      "version": "0.2.9",
      "resolved": "https://registry.npmjs.org/async/-/async-0.2.9.tgz",
      "integrity": "sha1-32MGD789Myhqdqr21Vophtn/hhk="
    },
    "aws-sign": {
      "version": "0.2.1",
      "resolved": "https://registry.npmjs.org/aws-sign/-/aws-sign-0.2.1.tgz",
      "integrity": "sha512-cQFl6jK/Lq416OqpT+lb1RIay1wShuQjHF3/kAJbyMvruV8vSpDahaGNkbeupdGRgXR8Ii0O/ZIbTQPdp+l3pA=="
    },
    "boom": {
      "version": "0.3.8",
      "resolved": "https://registry.npmjs.org/boom/-/boom-0.3.8.tgz",
      "integrity": "sha1-yM2wQUNZEnQWKMBE7Mcy0dF8Ceo=",
      "requires": {
        "hoek": "0.7.6"
      }
    },
    "camel-case": {
      "version": "3.0.0",
      "resolved": "https://registry.npmjs.org/camel-case/-/camel-case-3.0.0.tgz",
      "integrity": "sha1-yjw2iKTpzzpM2nd9xNy8cTJJz3M=",
      "requires": {
        "no-case": "2.3.2",
        "upper-case": "1.1.3"
      }
    },
    "coffee-script": {
      "version": "1.6.3",
      "resolved": "https://registry.npmjs.org/coffee-script/-/coffee-script-1.6.3.tgz",
      "integrity": "sha1-Y1XTLPGwTN/2tITl5xF4Ky8MOb4="
    },
    "colors": {
      "version": "0.6.2",
      "resolved": "https://registry.npmjs.org/colors/-/colors-0.6.2.tgz",
      "integrity": "sha1-JCP+ZnisDF2uiFLl0OW+CMmXq8w="
    },
    "combined-stream": {
      "version": "0.0.7",
      "resolved": "https://registry.npmjs.org/combined-stream/-/combined-stream-0.0.7.tgz",
      "integrity": "sha1-ATfmV7qlp1QcV6w3rF/AfXO03B8=",
      "requires": {
        "delayed-stream": "0.0.5"
      }
    },
    "cookie-jar": {
      "version": "0.2.0",
      "resolved": "https://registry.npmjs.org/cookie-jar/-/cookie-jar-0.2.0.tgz",
      "integrity": "sha1-ZOzAasl423leS1KQy+SLo3gUAPo="
    },
    "core-util-is": {
      "version": "1.0.2",
      "resolved": "https://registry.npmjs.org/core-util-is/-/core-util-is-1.0.2.tgz",
      "integrity": "sha1-tf1UIgqivFq1eqtxQMlAdUUDwac="
    },
    "cryptiles": {
      "version": "0.1.3",
      "resolved": "https://registry.npmjs.org/cryptiles/-/cryptiles-0.1.3.tgz",
      "integrity": "sha1-GlVnNPBtJLo0hirpy55wmjr7/xw=",
      "requires": {
        "boom": "0.3.8"
      }
    },
    "cycle": {
      "version": "1.0.3",
      "resolved": "https://registry.npmjs.org/cycle/-/cycle-1.0.3.tgz",
      "integrity": "sha1-IegLK+hYD5i0aPN5QwZisEbDStI="
    },
    "date-format": {
      "version": "0.0.0",
      "resolved": "https://registry.npmjs.org/date-format/-/date-format-0.0.0.tgz",
      "integrity": "sha1-CSBoY6sHDrRZrOpVQsvYVrEZZrM="
    },
    "debug": {
      "version": "2.6.9",
      "resolved": "https://registry.npmjs.org/debug/-/debug-2.6.9.tgz",
      "integrity": "sha512-bC7ElrdJaJnPbAP+1EotYvqZsb3ecl5wi6Bfi6BJTUcNowp6cvspg0jXznRTKDjm/E7AdgFBVeAPVMNcKGsHMA==",
      "requires": {
        "ms": "2.0.0"
      }
    },
    "delayed-stream": {
      "version": "0.0.5",
      "resolved": "https://registry.npmjs.org/delayed-stream/-/delayed-stream-0.0.5.tgz",
      "integrity": "sha1-1LH0OpPoKW3+AmlPRoC8N6MTxz8="
    },
    "deprecate": {
      "version": "1.0.0",
      "resolved": "https://registry.npmjs.org/deprecate/-/deprecate-1.0.0.tgz",
      "integrity": "sha1-ZhSQ7SQokWpsiIPYg05WRvTkpKg="
    },
    "docker-machine": {
      "version": "3.0.0",
      "resolved": "https://registry.npmjs.org/docker-machine/-/docker-machine-3.0.0.tgz",
      "integrity": "sha512-HUtaMfofk9fm+rR/ZOxKyhnY4CN/4Pdb7Nr95b1t9XnzTDzq0UuX09eiJBejoVOGAh08Mrpukzcr5copQwktMw==",
      "requires": {
        "camel-case": "3.0.0",
        "deprecate": "1.0.0",
        "run-parallel-limit": "1.0.5",
        "xtend": "4.0.1"
      }
    },
    "eyes": {
      "version": "0.1.8",
      "resolved": "https://registry.npmjs.org/eyes/-/eyes-0.1.8.tgz",
      "integrity": "sha1-Ys8SAjTGg3hdkCNIqADvPgzCC8A="
    },
    "forever-agent": {
      "version": "0.2.0",
      "resolved": "https://registry.npmjs.org/forever-agent/-/forever-agent-0.2.0.tgz",
      "integrity": "sha1-4cJcetROCcOPIzh2x2/MJP+EOx8="
    },
    "form-data": {
      "version": "0.0.10",
      "resolved": "https://registry.npmjs.org/form-data/-/form-data-0.0.10.tgz",
      "integrity": "sha1-2zRaU3jYau6x7V1VO4aawZLS9e0=",
      "requires": {
        "async": "0.2.9",
        "combined-stream": "0.0.7",
        "mime": "1.2.11"
      }
    },
    "hawk": {
      "version": "0.10.2",
      "resolved": "https://registry.npmjs.org/hawk/-/hawk-0.10.2.tgz",
      "integrity": "sha1-mzYd7pWpMWQObVBOBWCaj8OsRdI=",
      "requires": {
        "boom": "0.3.8",
        "cryptiles": "0.1.3",
        "hoek": "0.7.6",
        "sntp": "0.1.4"
      }
    },
    "hoek": {
      "version": "0.7.6",
      "resolved": "https://registry.npmjs.org/hoek/-/hoek-0.7.6.tgz",
      "integrity": "sha1-YPvZBFV1Qc0rh5Wr8wihs3cOFVo="
    },
    "inherits": {
      "version": "2.0.3",
      "resolved": "https://registry.npmjs.org/inherits/-/inherits-2.0.3.tgz",
      "integrity": "sha1-Yzwsg+PaQqUC9SRmAiSA9CCCYd4="
    },
    "isarray": {
      "version": "0.0.1",
      "resolved": "https://registry.npmjs.org/isarray/-/isarray-0.0.1.tgz",
      "integrity": "sha1-ihis/Kmo9Bd+Cav8YDiTmwXR7t8="
    },
    "json-stringify-safe": {
      "version": "3.0.0",
      "resolved": "https://registry.npmjs.org/json-stringify-safe/-/json-stringify-safe-3.0.0.tgz",
      "integrity": "sha1-nbew5TDH8onF6MhDKvGRwv91pbM="
    },
    "log4js": {
      "version": "1.1.1",
      "resolved": "https://registry.npmjs.org/log4js/-/log4js-1.1.1.tgz",
      "integrity": "sha1-wh0px2BAieTyVYM+f5SzRh3h/0M=",
      "requires": {
        "debug": "2.6.9",
        "semver": "5.6.0",
        "streamroller": "0.4.1"
      }
    },
    "logsmith": {
      "version": "0.0.2",
      "resolved": "https://registry.npmjs.org/logsmith/-/logsmith-0.0.2.tgz",
      "integrity": "sha1-DdJaLMqHBNhw0OjoRpDYznjXmxk=",
      "requires": {
        "winston": "0.7.2"
      }
    },
    "lower-case": {
      "version": "1.1.4",
      "resolved": "https://registry.npmjs.org/lower-case/-/lower-case-1.1.4.tgz",
      "integrity": "sha1-miyr0bno4K6ZOkv31YdcOcQujqw="
    },
    "mime": {
      "version": "1.2.11",
      "resolved": "https://registry.npmjs.org/mime/-/mime-1.2.11.tgz",
      "integrity": "sha1-WCA+7Ybjpe8XrtK32evUfwpg3RA="
    },
    "minimist": {
      "version": "0.0.8",
      "resolved": "https://registry.npmjs.org/minimist/-/minimist-0.0.8.tgz",
      "integrity": "sha1-hX/Kv8M5fSYluCKCYuhqp6ARsF0="
    },
    "mkdirp": {
      "version": "0.5.1",
      "resolved": "https://registry.npmjs.org/mkdirp/-/mkdirp-0.5.1.tgz",
      "integrity": "sha1-MAV0OOrGz3+MR2fzhkjWaX11yQM=",
      "requires": {
        "minimist": "0.0.8"
      }
    },
    "ms": {
      "version": "2.0.0",
      "resolved": "https://registry.npmjs.org/ms/-/ms-2.0.0.tgz",
      "integrity": "sha1-VgiurfwAvmwpAd9fmGF4jeDVl8g="
    },
    "no-case": {
      "version": "2.3.2",
      "resolved": "https://registry.npmjs.org/no-case/-/no-case-2.3.2.tgz",
      "integrity": "sha512-rmTZ9kz+f3rCvK2TD1Ue/oZlns7OGoIWP4fc3llxxRXlOkHKoWPPWJOfFYpITabSow43QJbRIoHQXtt10VldyQ==",
      "requires": {
        "lower-case": "1.1.4"
      }
    },
    "node-uuid": {
      "version": "1.4.8",
      "resolved": "https://registry.npmjs.org/node-uuid/-/node-uuid-1.4.8.tgz",
      "integrity": "sha1-sEDrCSOWivq/jTL7HxfxFn/auQc="
    },
    "oauth-sign": {
      "version": "0.2.0",
      "resolved": "https://registry.npmjs.org/oauth-sign/-/oauth-sign-0.2.0.tgz",
      "integrity": "sha1-oOahcV2u0GLzIrYit/5a/RA1tuI="
    },
    "pkginfo": {
      "version": "0.3.1",
      "resolved": "https://registry.npmjs.org/pkginfo/-/pkginfo-0.3.1.tgz",
      "integrity": "sha1-Wyn2qB9wcXFC4J52W76rl7T4HiE="
    },
    "qs": {
      "version": "0.5.6",
      "resolved": "https://registry.npmjs.org/qs/-/qs-0.5.6.tgz",
      "integrity": "sha1-MbGtBYVnZRxSaSFQa5qHk5EaA4Q="
    },
    "readable-stream": {
      "version": "1.1.14",
      "resolved": "https://registry.npmjs.org/readable-stream/-/readable-stream-1.1.14.tgz",
      "integrity": "sha1-fPTFTvZI44EwhMY23SB54WbAgdk=",
      "requires": {
        "core-util-is": "1.0.2",
        "inherits": "2.0.3",
        "isarray": "0.0.1",
        "string_decoder": "0.10.31"
      }
    },
    "request": {
      "version": "2.16.6",
      "resolved": "https://registry.npmjs.org/request/-/request-2.16.6.tgz",
      "integrity": "sha1-hy/kRa5y3iZrN4edatfclI+gHK0=",
      "requires": {
        "aws-sign": "0.2.1",
        "cookie-jar": "0.2.0",
        "forever-agent": "0.2.0",
        "form-data": "0.0.10",
        "hawk": "0.10.2",
        "json-stringify-safe": "3.0.0",
        "mime": "1.2.11",
        "node-uuid": "1.4.8",
        "oauth-sign": "0.2.0",
        "qs": "0.5.6",
        "tunnel-agent": "0.2.0"
      }
    },
    "run-parallel-limit": {
      "version": "1.0.5",
      "resolved": "https://registry.npmjs.org/run-parallel-limit/-/run-parallel-limit-1.0.5.tgz",
      "integrity": "sha512-NsY+oDngvrvMxKB3G8ijBzIema6aYbQMD2bHOamvN52BysbIGTnEY2xsNyfrcr9GhY995/t/0nQN3R3oZvaDlg=="
    },
    "semver": {
      "version": "5.6.0",
      "resolved": "https://registry.npmjs.org/semver/-/semver-5.6.0.tgz",
      "integrity": "sha512-RS9R6R35NYgQn++fkDWaOmqGoj4Ek9gGs+DPxNUZKuwE183xjJroKvyo1IzVFeXvUrvmALy6FWD5xrdJT25gMg=="
    },
    "sntp": {
      "version": "0.1.4",
      "resolved": "https://registry.npmjs.org/sntp/-/sntp-0.1.4.tgz",
      "integrity": "sha1-XvSBuVGnspr/30r9fyaDj8ESD4Q=",
      "requires": {
        "hoek": "0.7.6"
      }
    },
    "stack-trace": {
      "version": "0.0.10",
      "resolved": "https://registry.npmjs.org/stack-trace/-/stack-trace-0.0.10.tgz",
      "integrity": "sha1-VHxws0fo0ytOEI6hoqFZ5f3eGcA="
    },
    "stream-buffers": {
      "version": "0.2.5",
      "resolved": "https://registry.npmjs.org/stream-buffers/-/stream-buffers-0.2.5.tgz",
      "integrity": "sha1-+TBTnTzwjXSKNArWE5+Vss60jwU="
    },
    "streamroller": {
      "version": "0.4.1",
      "resolved": "https://registry.npmjs.org/streamroller/-/streamroller-0.4.1.tgz",
      "integrity": "sha1-1DW9WXQ3Or2b2QaDWVEwhRBswF8=",
      "requires": {
        "date-format": "0.0.0",
        "debug": "0.7.4",
        "mkdirp": "0.5.1",
        "readable-stream": "1.1.14"
      },
      "dependencies": {
        "debug": {
          "version": "0.7.4",
          "resolved": "https://registry.npmjs.org/debug/-/debug-0.7.4.tgz",
          "integrity": "sha1-BuHqgILCyxTjmAbiLi9vdX+Srzk="
        }
      }
    },
    "string_decoder": {
      "version": "0.10.31",
      "resolved": "https://registry.npmjs.org/string_decoder/-/string_decoder-0.10.31.tgz",
      "integrity": "sha1-YuIDvEF2bGwoyfyEMB2rHFMQ+pQ="
    },
    "tunnel-agent": {
      "version": "0.2.0",
      "resolved": "https://registry.npmjs.org/tunnel-agent/-/tunnel-agent-0.2.0.tgz",
      "integrity": "sha1-aFPCr7GyEJ5FYp5JK9419Fnqaeg="
    },
    "upper-case": {
      "version": "1.1.3",
      "resolved": "https://registry.npmjs.org/upper-case/-/upper-case-1.1.3.tgz",
      "integrity": "sha1-9rRQHC7EzdJrp4vnIilh3ndiFZg="
    },
    "vboxmanage": {
      "version": "0.0.15",
      "resolved": "https://registry.npmjs.org/vboxmanage/-/vboxmanage-0.0.15.tgz",
      "integrity": "sha1-e240m+AWy+gmHFzZTK09LXjMSqI=",
      "requires": {
        "async": "0.2.9",
        "coffee-script": "1.6.3",
        "logsmith": "0.0.2",
        "stream-buffers": "0.2.5"
      }
    },
    "virtualbox": {
      "version": "1.0.0",
      "resolved": "https://registry.npmjs.org/virtualbox/-/virtualbox-1.0.0.tgz",
      "integrity": "sha512-bKUL5hMgk+SfNln48uJXmiGmTjIuQmhY4kv/gIOTvVSPKtTK7XvzNsvIVDkd1rRmpsRywaviRIYmd0gubptFuQ==",
      "requires": {
        "log4js": "1.1.1"
      }
    },
    "winston": {
      "version": "0.7.2",
      "resolved": "https://registry.npmjs.org/winston/-/winston-0.7.2.tgz",
      "integrity": "sha1-JXCuGqHYqUAejVqINi4c+TZVDOs=",
      "requires": {
        "async": "0.2.9",
        "colors": "0.6.2",
        "cycle": "1.0.3",
        "eyes": "0.1.8",
        "pkginfo": "0.3.1",
        "request": "2.16.6",
        "stack-trace": "0.0.10"
      }
    },
    "xtend": {
      "version": "4.0.1",
      "resolved": "https://registry.npmjs.org/xtend/-/xtend-4.0.1.tgz",
      "integrity": "sha1-pcbVMr5lbiPbgg77lDofBJmNY68="
    }
  }
}
